Microsoft Visual Studio Solution File, Format Version 12.00
# Visual Studio Version 17
VisualStudioVersion = 17.5.2.0
MinimumVisualStudioVersion = 10.0.40219.1
Project("{FAE04EC0-301F-11D3-BF4B-00C04F79EFBC}") = "Parte 2", "Parte 2.csproj", "{3E78BFC9-386A-E1E5-6FF6-580091DCB23D}"
EndProject
Global
	GlobalSection(SolutionConfigurationPlatforms) = preSolution
		Debug|Any CPU = Debug|Any CPU
		Release|Any CPU = Release|Any CPU
	EndGlobalSection
	GlobalSection(ProjectConfigurationPlatforms) = postSolution
		{3E78BFC9-386A-E1E5-6FF6-580091DCB23D}.Debug|Any CPU.ActiveCfg = Debug|Any CPU
		{3E78BFC9-386A-E1E5-6FF6-580091DCB23D}.Debug|Any CPU.Build.0 = Debug|Any CPU
		{3E78BFC9-386A-E1E5-6FF6-580091DCB23D}.Release|Any CPU.ActiveCfg = Release|Any CPU
		{3E78BFC9-386A-E1E5-6FF6-580091DCB23D}.Release|Any CPU.Build.0 = Release|Any CPU
	EndGlobalSection
	GlobalSection(SolutionProperties) = preSolution
		HideSolutionNode = FALSE
	EndGlobalSection
	GlobalSection(ExtensibilityGlobals) = postSolution
		SolutionGuid = {DD51BC02-FBB0-499E-9AD2-065B49C4126C}
	EndGlobalSection
EndGlobal
