Microsoft Visual Studio Solution File, Format Version 12.00
# Visual Studio Version 17
VisualStudioVersion = 17.5.2.0
MinimumVisualStudioVersion = 10.0.40219.1
Project("{FAE04EC0-301F-11D3-BF4B-00C04F79EFBC}") = "Enunciado 3", "Enunciado 3.csproj", "{D9A86A29-1CB8-8592-4F38-4328AAFEAC4A}"
EndProject
Global
	GlobalSection(SolutionConfigurationPlatforms) = preSolution
		Debug|Any CPU = Debug|Any CPU
		Release|Any CPU = Release|Any CPU
	EndGlobalSection
	GlobalSection(ProjectConfigurationPlatforms) = postSolution
		{D9A86A29-1CB8-8592-4F38-4328AAFEAC4A}.Debug|Any CPU.ActiveCfg = Debug|Any CPU
		{D9A86A29-1CB8-8592-4F38-4328AAFEAC4A}.Debug|Any CPU.Build.0 = Debug|Any CPU
		{D9A86A29-1CB8-8592-4F38-4328AAFEAC4A}.Release|Any CPU.ActiveCfg = Release|Any CPU
		{D9A86A29-1CB8-8592-4F38-4328AAFEAC4A}.Release|Any CPU.Build.0 = Release|Any CPU
	EndGlobalSection
	GlobalSection(SolutionProperties) = preSolution
		HideSolutionNode = FALSE
	EndGlobalSection
	GlobalSection(ExtensibilityGlobals) = postSolution
		SolutionGuid = {7A53E2A9-AA81-430B-82BB-04628FF43351}
	EndGlobalSection
EndGlobal
